
Microsoft Visual Studio Solution File, Format Version 12.00
# Visual Studio 15
VisualStudioVersion = 15.0.26124.0
MinimumVisualStudioVersion = 15.0.26124.0
Project("{FAE04EC0-301F-11D3-BF4B-00C04F79EFBC}") = "application", "Api.Application\application.csproj", "{6FAC4BE4-2447-4D35-9315-B56563EF7DE9}"
EndProject
Project("{FAE04EC0-301F-11D3-BF4B-00C04F79EFBC}") = "Domain", "Api.Domain\Domain.csproj", "{811CE5A3-7434-4D66-96DF-7BD0E8E7B888}"
EndProject
Project("{FAE04EC0-301F-11D3-BF4B-00C04F79EFBC}") = "CrossCutting", "Api.CrossCutting\CrossCutting.csproj", "{4C263FDD-8D19-4690-9609-5C745C39563B}"
EndProject
Project("{FAE04EC0-301F-11D3-BF4B-00C04F79EFBC}") = "Data", "Api.Data\Data.csproj", "{9450B88E-0E8D-41D7-9343-0D3566DFA368}"
EndProject
Project("{FAE04EC0-301F-11D3-BF4B-00C04F79EFBC}") = "Service", "Api.Service\Service.csproj", "{FB9DED5F-8483-47A0-9786-63332AB21F08}"
EndProject
Global
	GlobalSection(SolutionConfigurationPlatforms) = preSolution
		Debug|Any CPU = Debug|Any CPU
		Debug|x64 = Debug|x64
		Debug|x86 = Debug|x86
		Release|Any CPU = Release|Any CPU
		Release|x64 = Release|x64
		Release|x86 = Release|x86
	EndGlobalSection
	GlobalSection(SolutionProperties) = preSolution
		HideSolutionNode = FALSE
	EndGlobalSection
	GlobalSection(ProjectConfigurationPlatforms) = postSolution
		{6FAC4BE4-2447-4D35-9315-B56563EF7DE9}.Debug|Any CPU.ActiveCfg = Debug|Any CPU
		{6FAC4BE4-2447-4D35-9315-B56563EF7DE9}.Debug|Any CPU.Build.0 = Debug|Any CPU
		{6FAC4BE4-2447-4D35-9315-B56563EF7DE9}.Debug|x64.ActiveCfg = Debug|Any CPU
		{6FAC4BE4-2447-4D35-9315-B56563EF7DE9}.Debug|x64.Build.0 = Debug|Any CPU
		{6FAC4BE4-2447-4D35-9315-B56563EF7DE9}.Debug|x86.ActiveCfg = Debug|Any CPU
		{6FAC4BE4-2447-4D35-9315-B56563EF7DE9}.Debug|x86.Build.0 = Debug|Any CPU
		{6FAC4BE4-2447-4D35-9315-B56563EF7DE9}.Release|Any CPU.ActiveCfg = Release|Any CPU
		{6FAC4BE4-2447-4D35-9315-B56563EF7DE9}.Release|Any CPU.Build.0 = Release|Any CPU
		{6FAC4BE4-2447-4D35-9315-B56563EF7DE9}.Release|x64.ActiveCfg = Release|Any CPU
		{6FAC4BE4-2447-4D35-9315-B56563EF7DE9}.Release|x64.Build.0 = Release|Any CPU
		{6FAC4BE4-2447-4D35-9315-B56563EF7DE9}.Release|x86.ActiveCfg = Release|Any CPU
		{6FAC4BE4-2447-4D35-9315-B56563EF7DE9}.Release|x86.Build.0 = Release|Any CPU
		{811CE5A3-7434-4D66-96DF-7BD0E8E7B888}.Debug|Any CPU.ActiveCfg = Debug|Any CPU
		{811CE5A3-7434-4D66-96DF-7BD0E8E7B888}.Debug|Any CPU.Build.0 = Debug|Any CPU
		{811CE5A3-7434-4D66-96DF-7BD0E8E7B888}.Debug|x64.ActiveCfg = Debug|Any CPU
		{811CE5A3-7434-4D66-96DF-7BD0E8E7B888}.Debug|x64.Build.0 = Debug|Any CPU
		{811CE5A3-7434-4D66-96DF-7BD0E8E7B888}.Debug|x86.ActiveCfg = Debug|Any CPU
		{811CE5A3-7434-4D66-96DF-7BD0E8E7B888}.Debug|x86.Build.0 = Debug|Any CPU
		{811CE5A3-7434-4D66-96DF-7BD0E8E7B888}.Release|Any CPU.ActiveCfg = Release|Any CPU
		{811CE5A3-7434-4D66-96DF-7BD0E8E7B888}.Release|Any CPU.Build.0 = Release|Any CPU
		{811CE5A3-7434-4D66-96DF-7BD0E8E7B888}.Release|x64.ActiveCfg = Release|Any CPU
		{811CE5A3-7434-4D66-96DF-7BD0E8E7B888}.Release|x64.Build.0 = Release|Any CPU
		{811CE5A3-7434-4D66-96DF-7BD0E8E7B888}.Release|x86.ActiveCfg = Release|Any CPU
		{811CE5A3-7434-4D66-96DF-7BD0E8E7B888}.Release|x86.Build.0 = Release|Any CPU
		{4C263FDD-8D19-4690-9609-5C745C39563B}.Debug|Any CPU.ActiveCfg = Debug|Any CPU
		{4C263FDD-8D19-4690-9609-5C745C39563B}.Debug|Any CPU.Build.0 = Debug|Any CPU
		{4C263FDD-8D19-4690-9609-5C745C39563B}.Debug|x64.ActiveCfg = Debug|Any CPU
		{4C263FDD-8D19-4690-9609-5C745C39563B}.Debug|x64.Build.0 = Debug|Any CPU
		{4C263FDD-8D19-4690-9609-5C745C39563B}.Debug|x86.ActiveCfg = Debug|Any CPU
		{4C263FDD-8D19-4690-9609-5C745C39563B}.Debug|x86.Build.0 = Debug|Any CPU
		{4C263FDD-8D19-4690-9609-5C745C39563B}.Release|Any CPU.ActiveCfg = Release|Any CPU
		{4C263FDD-8D19-4690-9609-5C745C39563B}.Release|Any CPU.Build.0 = Release|Any CPU
		{4C263FDD-8D19-4690-9609-5C745C39563B}.Release|x64.ActiveCfg = Release|Any CPU
		{4C263FDD-8D19-4690-9609-5C745C39563B}.Release|x64.Build.0 = Release|Any CPU
		{4C263FDD-8D19-4690-9609-5C745C39563B}.Release|x86.ActiveCfg = Release|Any CPU
		{4C263FDD-8D19-4690-9609-5C745C39563B}.Release|x86.Build.0 = Release|Any CPU
		{9450B88E-0E8D-41D7-9343-0D3566DFA368}.Debug|Any CPU.ActiveCfg = Debug|Any CPU
		{9450B88E-0E8D-41D7-9343-0D3566DFA368}.Debug|Any CPU.Build.0 = Debug|Any CPU
		{9450B88E-0E8D-41D7-9343-0D3566DFA368}.Debug|x64.ActiveCfg = Debug|Any CPU
		{9450B88E-0E8D-41D7-9343-0D3566DFA368}.Debug|x64.Build.0 = Debug|Any CPU
		{9450B88E-0E8D-41D7-9343-0D3566DFA368}.Debug|x86.ActiveCfg = Debug|Any CPU
		{9450B88E-0E8D-41D7-9343-0D3566DFA368}.Debug|x86.Build.0 = Debug|Any CPU
		{9450B88E-0E8D-41D7-9343-0D3566DFA368}.Release|Any CPU.ActiveCfg = Release|Any CPU
		{9450B88E-0E8D-41D7-9343-0D3566DFA368}.Release|Any CPU.Build.0 = Release|Any CPU
		{9450B88E-0E8D-41D7-9343-0D3566DFA368}.Release|x64.ActiveCfg = Release|Any CPU
		{9450B88E-0E8D-41D7-9343-0D3566DFA368}.Release|x64.Build.0 = Release|Any CPU
		{9450B88E-0E8D-41D7-9343-0D3566DFA368}.Release|x86.ActiveCfg = Release|Any CPU
		{9450B88E-0E8D-41D7-9343-0D3566DFA368}.Release|x86.Build.0 = Release|Any CPU
		{FB9DED5F-8483-47A0-9786-63332AB21F08}.Debug|Any CPU.ActiveCfg = Debug|Any CPU
		{FB9DED5F-8483-47A0-9786-63332AB21F08}.Debug|Any CPU.Build.0 = Debug|Any CPU
		{FB9DED5F-8483-47A0-9786-63332AB21F08}.Debug|x64.ActiveCfg = Debug|Any CPU
		{FB9DED5F-8483-47A0-9786-63332AB21F08}.Debug|x64.Build.0 = Debug|Any CPU
		{FB9DED5F-8483-47A0-9786-63332AB21F08}.Debug|x86.ActiveCfg = Debug|Any CPU
		{FB9DED5F-8483-47A0-9786-63332AB21F08}.Debug|x86.Build.0 = Debug|Any CPU
		{FB9DED5F-8483-47A0-9786-63332AB21F08}.Release|Any CPU.ActiveCfg = Release|Any CPU
		{FB9DED5F-8483-47A0-9786-63332AB21F08}.Release|Any CPU.Build.0 = Release|Any CPU
		{FB9DED5F-8483-47A0-9786-63332AB21F08}.Release|x64.ActiveCfg = Release|Any CPU
		{FB9DED5F-8483-47A0-9786-63332AB21F08}.Release|x64.Build.0 = Release|Any CPU
		{FB9DED5F-8483-47A0-9786-63332AB21F08}.Release|x86.ActiveCfg = Release|Any CPU
		{FB9DED5F-8483-47A0-9786-63332AB21F08}.Release|x86.Build.0 = Release|Any CPU
	EndGlobalSection
EndGlobal
